
Microsoft Visual Studio Solution File, Format Version 12.00
# Visual Studio 14
VisualStudioVersion = 14.0.25420.1
MinimumVisualStudioVersion = 10.0.40219.1
Project("{FAE04EC0-301F-11D3-BF4B-00C04F79EFBC}") = "FlexMold", "FlexMold.csproj", "{BAABE4C2-1C65-4F62-91AB-1C3244C882D8}"
EndProject
Project("{FAE04EC0-301F-11D3-BF4B-00C04F79EFBC}") = "BAL", "..\BAL\BAL.csproj", "{3BDE0A20-0DC4-494E-930B-10544B2F8B18}"
EndProject
Project("{FAE04EC0-301F-11D3-BF4B-00C04F79EFBC}") = "DAL", "..\DAL\DAL.csproj", "{1D61B2F4-E831-4483-B51F-250CA967308A}"
EndProject
Project("{FAE04EC0-301F-11D3-BF4B-00C04F79EFBC}") = "Propert_Utility", "..\Propert_Utility\Propert_Utility.csproj", "{18621075-1997-481C-ADCA-1B9F9FE6530D}"
EndProject
Global
	GlobalSection(SolutionConfigurationPlatforms) = preSolution
		Debug|Any CPU = Debug|Any CPU
		Release|Any CPU = Release|Any CPU
	EndGlobalSection
	GlobalSection(ProjectConfigurationPlatforms) = postSolution
		{BAABE4C2-1C65-4F62-91AB-1C3244C882D8}.Debug|Any CPU.ActiveCfg = Debug|Any CPU
		{BAABE4C2-1C65-4F62-91AB-1C3244C882D8}.Debug|Any CPU.Build.0 = Debug|Any CPU
		{BAABE4C2-1C65-4F62-91AB-1C3244C882D8}.Release|Any CPU.ActiveCfg = Release|Any CPU
		{BAABE4C2-1C65-4F62-91AB-1C3244C882D8}.Release|Any CPU.Build.0 = Release|Any CPU
		{3BDE0A20-0DC4-494E-930B-10544B2F8B18}.Debug|Any CPU.ActiveCfg = Debug|Any CPU
		{3BDE0A20-0DC4-494E-930B-10544B2F8B18}.Debug|Any CPU.Build.0 = Debug|Any CPU
		{3BDE0A20-0DC4-494E-930B-10544B2F8B18}.Release|Any CPU.ActiveCfg = Release|Any CPU
		{3BDE0A20-0DC4-494E-930B-10544B2F8B18}.Release|Any CPU.Build.0 = Release|Any CPU
		{1D61B2F4-E831-4483-B51F-250CA967308A}.Debug|Any CPU.ActiveCfg = Debug|Any CPU
		{1D61B2F4-E831-4483-B51F-250CA967308A}.Debug|Any CPU.Build.0 = Debug|Any CPU
		{1D61B2F4-E831-4483-B51F-250CA967308A}.Release|Any CPU.ActiveCfg = Release|Any CPU
		{1D61B2F4-E831-4483-B51F-250CA967308A}.Release|Any CPU.Build.0 = Release|Any CPU
		{18621075-1997-481C-ADCA-1B9F9FE6530D}.Debug|Any CPU.ActiveCfg = Debug|Any CPU
		{18621075-1997-481C-ADCA-1B9F9FE6530D}.Debug|Any CPU.Build.0 = Debug|Any CPU
		{18621075-1997-481C-ADCA-1B9F9FE6530D}.Release|Any CPU.ActiveCfg = Release|Any CPU
		{18621075-1997-481C-ADCA-1B9F9FE6530D}.Release|Any CPU.Build.0 = Release|Any CPU
	EndGlobalSection
	GlobalSection(SolutionProperties) = preSolution
		HideSolutionNode = FALSE
	EndGlobalSection
EndGlobal
